
Microsoft Visual Studio Solution File, Format Version 12.00
# Visual Studio 15
VisualStudioVersion = 15.0.27428.2043
MinimumVisualStudioVersion = 10.0.40219.1
Project("{FAE04EC0-301F-11D3-BF4B-00C04F79EFBC}") = "CadastroDeUsuarios.UI", "CadastroDeUsuarios\CadastroDeUsuarios.UI.csproj", "{4446BED1-61FC-4B69-A52B-CEFC30FBC396}"
EndProject
Project("{FAE04EC0-301F-11D3-BF4B-00C04F79EFBC}") = "CadastroDeUsuarios.BLL", "CadastroDeUsuarios.BLL\CadastroDeUsuarios.BLL.csproj", "{0520EBBF-029A-4E4C-BE72-D4738FB6A73A}"
EndProject
Project("{FAE04EC0-301F-11D3-BF4B-00C04F79EFBC}") = "CadastroDeUsuarios.DAL", "CadastroDeUsuarios.DAL\CadastroDeUsuarios.DAL.csproj", "{30ED286C-2636-4AF4-8A5F-510E0D43AA45}"
EndProject
Project("{FAE04EC0-301F-11D3-BF4B-00C04F79EFBC}") = "CadastroDeUsuarios.DTO", "CadastroDeUsuarios.DTO\CadastroDeUsuarios.DTO.csproj", "{F5530CE0-4930-416C-AC95-A856A7DF333B}"
EndProject
Global
	GlobalSection(SolutionConfigurationPlatforms) = preSolution
		Debug|Any CPU = Debug|Any CPU
		Release|Any CPU = Release|Any CPU
	EndGlobalSection
	GlobalSection(ProjectConfigurationPlatforms) = postSolution
		{4446BED1-61FC-4B69-A52B-CEFC30FBC396}.Debug|Any CPU.ActiveCfg = Debug|Any CPU
		{4446BED1-61FC-4B69-A52B-CEFC30FBC396}.Debug|Any CPU.Build.0 = Debug|Any CPU
		{4446BED1-61FC-4B69-A52B-CEFC30FBC396}.Release|Any CPU.ActiveCfg = Release|Any CPU
		{4446BED1-61FC-4B69-A52B-CEFC30FBC396}.Release|Any CPU.Build.0 = Release|Any CPU
		{0520EBBF-029A-4E4C-BE72-D4738FB6A73A}.Debug|Any CPU.ActiveCfg = Debug|Any CPU
		{0520EBBF-029A-4E4C-BE72-D4738FB6A73A}.Debug|Any CPU.Build.0 = Debug|Any CPU
		{0520EBBF-029A-4E4C-BE72-D4738FB6A73A}.Release|Any CPU.ActiveCfg = Release|Any CPU
		{0520EBBF-029A-4E4C-BE72-D4738FB6A73A}.Release|Any CPU.Build.0 = Release|Any CPU
		{30ED286C-2636-4AF4-8A5F-510E0D43AA45}.Debug|Any CPU.ActiveCfg = Debug|Any CPU
		{30ED286C-2636-4AF4-8A5F-510E0D43AA45}.Debug|Any CPU.Build.0 = Debug|Any CPU
		{30ED286C-2636-4AF4-8A5F-510E0D43AA45}.Release|Any CPU.ActiveCfg = Release|Any CPU
		{30ED286C-2636-4AF4-8A5F-510E0D43AA45}.Release|Any CPU.Build.0 = Release|Any CPU
		{F5530CE0-4930-416C-AC95-A856A7DF333B}.Debug|Any CPU.ActiveCfg = Debug|Any CPU
		{F5530CE0-4930-416C-AC95-A856A7DF333B}.Debug|Any CPU.Build.0 = Debug|Any CPU
		{F5530CE0-4930-416C-AC95-A856A7DF333B}.Release|Any CPU.ActiveCfg = Release|Any CPU
		{F5530CE0-4930-416C-AC95-A856A7DF333B}.Release|Any CPU.Build.0 = Release|Any CPU
	EndGlobalSection
	GlobalSection(SolutionProperties) = preSolution
		HideSolutionNode = FALSE
	EndGlobalSection
	GlobalSection(ExtensibilityGlobals) = postSolution
		SolutionGuid = {1FBD42B2-60DC-40E6-B88B-7B06D163BECA}
	EndGlobalSection
EndGlobal
